version = 1
revision = 3
requires-python = ">=3.11, <3.16"

[[package]]
name = "maturin"
version = "1.14.1"
source = { registry = "https://pypi.org/simple" }
sdist = { url = "https://files.pythonhosted.org/packages/e7/b3/addd877f871fb1860d46d3a4f206ecb10b946c85846805e6367631926fd3/maturin-1.14.1.tar.gz", hash = "sha256:9d6577a62cd08e0ceba7a0db06fb098e0c9b1b3429bad747a4f3a18215a1b3df", size = 369637, upload-time = "2026-06-19T05:19:49.774Z" }
wheels = [
    { url = "https://files.pythonhosted.org/packages/f4/f0/97c5a5bd9c71653a066c0976a484eaaae50b9369557838a4176b7b0bdaa5/maturin-1.14.1-py3-none-linux_armv6l.whl", hash = "sha256:522292398945442cdafa9daeb2271b2340fbde57027b818f923f88eab04174f8", size = 10207496, upload-time = "2026-06-19T05:19:09.321Z" },
    { url = "https://files.pythonhosted.org/packages/fe/83/294bca639b0e052f1e2f65199b3db258780c7d4e31408b934c9c974a1379/maturin-1.14.1-py3-none-macosx_10_12_x86_64.macosx_11_0_arm64.macosx_10_12_universal2.whl", hash = "sha256:ffe5ad71f21d1e6603c4dd75f7fee34adf5ed5ebcebb692886549888ebb329ed", size = 19680113, upload-time = "2026-06-19T05:19:13.43Z" },
    { url = "https://files.pythonhosted.org/packages/43/b6/79c881410a3b1c187f7eb3d407aecae646c6a4433d630d72200359015e83/maturin-1.14.1-py3-none-macosx_10_12_x86_64.whl", hash = "sha256:f3306078070c1508fd715b9116070cbcaff5959024272a9f1e6f5cb29768b86c", size = 10169205, upload-time = "2026-06-19T05:19:16.615Z" },
    { url = "https://files.pythonhosted.org/packages/93/9d/44b6f26dcb7f7a04c5501ac2dbb6ca1490150682baa525ca5860504f9eab/maturin-1.14.1-py3-none-manylinux_2_12_i686.manylinux2010_i686.musllinux_1_1_i686.whl", hash = "sha256:cd457cd88961156e26379e1155bd287cc0ec1c8b2f1582b0660fb31b87c8842d", size = 10188098, upload-time = "2026-06-19T05:19:19.736Z" },
    { url = "https://files.pythonhosted.org/packages/1a/bd/9c0d5d6983905ce2c9edaa073a7e89355a9cf7f396988e05d32f1c37785d/maturin-1.14.1-py3-none-manylinux_2_12_x86_64.manylinux2010_x86_64.musllinux_1_1_x86_64.whl", hash = "sha256:dfc54ae32e6fcb18302193ab9a30b0b25eefffba994ae13238974805533ef75e", size = 10627576, upload-time = "2026-06-19T05:19:22.713Z" },
    { url = "https://files.pythonhosted.org/packages/e5/33/b096412bd6a7cb399652b260666f901adf88a687181a6dbd6a3f89f0a94e/maturin-1.14.1-py3-none-manylinux_2_17_aarch64.manylinux2014_aarch64.musllinux_1_1_aarch64.whl", hash = "sha256:a131d912b5267e640bc96d70f4914e10590aed64082ec9abacba7cea52004224", size = 10085181, upload-time = "2026-06-19T05:19:25.69Z" },
    { url = "https://files.pythonhosted.org/packages/56/8d/08c3bf469c38a23c9e6c877e338193001eb604d010fedc08341974e38528/maturin-1.14.1-py3-none-manylinux_2_17_armv7l.manylinux2014_armv7l.musllinux_1_1_armv7l.whl", hash = "sha256:be18fc568fb76884c0205456336892a75105ec398e6b667cd777c6268bd06d69", size = 10026363, upload-time = "2026-06-19T05:19:28.904Z" },
    { url = "https://files.pythonhosted.org/packages/3a/a4/c4d1a92839f8745ab4aab988a7db884a79d6d710bd3b286fcf9316dece1a/maturin-1.14.1-py3-none-manylinux_2_17_ppc64le.manylinux2014_ppc64le.musllinux_1_1_ppc64le.whl", hash = "sha256:994a0c8ba3ad8a92b3a9ee1b02645d200d610216b15cff5102b0fe65e8e08666", size = 13321347, upload-time = "2026-06-19T05:19:32.411Z" },
    { url = "https://files.pythonhosted.org/packages/b3/fa/170f04624d03fd07d2a8b1b67de83a127af93aef9eaa425839553347297b/maturin-1.14.1-py3-none-manylinux_2_17_s390x.manylinux2014_s390x.whl", hash = "sha256:be80866363e605d137991b491a741a84cde9ae350183c4c85f49690ca9aaaa65", size = 10877609, upload-time = "2026-06-19T05:19:35.448Z" },
    { url = "https://files.pythonhosted.org/packages/61/ad/1ae2e1d0ded282bf2c55ac13f0811d87deb425e200ae64a15785675dede9/maturin-1.14.1-py3-none-manylinux_2_31_riscv64.musllinux_1_1_riscv64.whl", hash = "sha256:5282dffd4b539d2be245f4e5b1a5ab6bc1033b58f4a4872f5833f9d43c954aa4", size = 10417316, upload-time = "2026-06-19T05:19:38.28Z" },
    { url = "https://files.pythonhosted.org/packages/fb/27/bf677183920718da49cd7982d6a3ffc440aad8919329f571d189f81b7bdf/maturin-1.14.1-py3-none-win32.whl", hash = "sha256:1a04de0a20188f95c721b5702eed18140bdcccb28c386797093eca3f62f4d4e0", size = 8931293, upload-time = "2026-06-19T05:19:41.183Z" },
    { url = "https://files.pythonhosted.org/packages/63/4b/585adeb9167b08d3cdff0032a938b0e72655c92003df4f52c3f696a1bcc2/maturin-1.14.1-py3-none-win_amd64.whl", hash = "sha256:3c9f94640ecc4895e94abaf834a0684430032c865b2748a36c12461fd9252fdd", size = 10314067, upload-time = "2026-06-19T05:19:44.389Z" },
    { url = "https://files.pythonhosted.org/packages/51/d4/dac8c0720ae246be1700afb6fbdbbea20fe35b13f6570b2f70faa005df77/maturin-1.14.1-py3-none-win_arm64.whl", hash = "sha256:15cea8fcb3ba47dd636f50092bb34baea8b04ac777392f23e6bf8a9a61efb894", size = 9718943, upload-time = "2026-06-19T05:19:47.49Z" },
]

[[package]]
name = "ruff"
version = "0.16.2"
source = { registry = "https://pypi.org/simple" }
sdist = { url = "https://files.pythonhosted.org/packages/73/e1/4508a569211b35599016e84ba65c1a992b7a4004b4b6c4bea02a851cba1b/ruff-0.16.2.tar.gz", hash = "sha256:c3d7828d12e8927a6fc65fe38e2c2541b9e762d360a1786d752cb1b8883b3c9c", size = 4885811, upload-time = "2026-08-07T13:31:01.432Z" }
wheels = [
    { url = "https://files.pythonhosted.org/packages/14/57/db19951540f98859c956b50bdb4d31089b4d91e9f15e2968e7d5193806d5/ruff-0.16.2-py3-none-linux_armv6l.whl", hash = "sha256:3c8de4cf2181f01d57946d87d777aa52916976fc09942aed89938fab5e013318", size = 10847925, upload-time = "2026-08-07T13:30:14.468Z" },
    { url = "https://files.pythonhosted.org/packages/13/5a/995fe85a8470d3e391ac0f7fa8054bb454eaf33ee138196d6172ed1079c0/ruff-0.16.2-py3-none-macosx_10_12_x86_64.whl", hash = "sha256:9a48cc05c6fbc811ca81b5d7ba95375affea6582d1b8024e455e41afbbf55344", size = 11072662, upload-time = "2026-08-07T13:30:18.143Z" },
    { url = "https://files.pythonhosted.org/packages/32/53/370d767c61c71a971a4ace36703a7ecd8c393956349a7325d7fab2b56827/ruff-0.16.2-py3-none-macosx_11_0_arm64.whl", hash = "sha256:a2c0d14fcbb26c91f0f867a6dc9bd71bbc30b1b6151829c884f23faeab2e5700", size = 10566771, upload-time = "2026-08-07T13:30:20.899Z" },
    { url = "https://files.pythonhosted.org/packages/85/d6/9d96948caf5a632be62d62202d5ec914d6856f204fd79eb036e5915e79ea/ruff-0.16.2-py3-none-manylinux_2_17_aarch64.manylinux2014_aarch64.whl", hash = "sha256:335c621622c4650330be50842561c6586ac6971bb8ab5407fe34dcc9efb16bbe", size = 10975825, upload-time = "2026-08-07T13:30:23.517Z" },
    { url = "https://files.pythonhosted.org/packages/3b/92/ea87129b3414acb0b5770563779c51804d37ac67675c7ba35447ddb14773/ruff-0.16.2-py3-none-manylinux_2_17_armv7l.manylinux2014_armv7l.whl", hash = "sha256:20e66910f2c37cc753f9ef6580c914a621b80c4fa3549d3e3521e29d0f5bfc3f", size = 10649437, upload-time = "2026-08-07T13:30:26.097Z" },
    { url = "https://files.pythonhosted.org/packages/ac/43/f8f291dcd4af5bb7872b74fdfa41a7cd7c856ca1d4069670971cf1b9f5cb/ruff-0.16.2-py3-none-manylinux_2_17_i686.manylinux2014_i686.whl", hash = "sha256:c7e36fbfba65510548156902bcf1350a979a958ce0347ce0f90d73894036b39f", size = 11446761, upload-time = "2026-08-07T13:30:28.752Z" },
    { url = "https://files.pythonhosted.org/packages/71/4a/ef991fb2fcf516ab71f0808adcdd8da5e18c8cde447f4ceaf5f47a5132a5/ruff-0.16.2-py3-none-manylinux_2_17_ppc64le.manylinux2014_ppc64le.whl", hash = "sha256:f0eab35f80df8f134aae5d1630e751901321d317cc8e50dc39e36fa3ed34cd12", size = 12336364, upload-time = "2026-08-07T13:30:31.468Z" },
    { url = "https://files.pythonhosted.org/packages/f3/24/f615e74f307e6ca0e56a482872477b856c70d530aa356abfb6dfe5ca8a80/ruff-0.16.2-py3-none-manylinux_2_17_s390x.manylinux2014_s390x.whl", hash = "sha256:40ea8c0594feb894e89c8c61ab9c103d38b0ea72dfde6c594107147ca31b1140", size = 11630720, upload-time = "2026-08-07T13:30:34.426Z" },
    { url = "https://files.pythonhosted.org/packages/c5/d3/8ef50149e8412a77f7ab409efdef0e2b23803707a3863da4fc64cb23d459/ruff-0.16.2-py3-none-manylinux_2_17_x86_64.manylinux2014_x86_64.whl", hash = "sha256:ab3d62dde0b19facdd632008cc4827fc28ada7736c6bd35ab6f1050f0bfed53f", size = 11466130, upload-time = "2026-08-07T13:30:36.958Z" },
    { url = "https://files.pythonhosted.org/packages/dd/a7/a19334985c4dea8c381981fa252cd854c7ee52dc4b1686dc16f4a911c702/ruff-0.16.2-py3-none-manylinux_2_31_riscv64.whl", hash = "sha256:e43e1f5b8388da9eca1b9e88328d47a5cec794633ccf6f7484ac2dd15eee92c0", size = 11523634, upload-time = "2026-08-07T13:30:39.822Z" },
    { url = "https://files.pythonhosted.org/packages/6e/6c/96d192b0e742412ceda08c0a50f9669b253dde9fd6a60ea1a10c9fa79a63/ruff-0.16.2-py3-none-musllinux_1_2_aarch64.whl", hash = "sha256:c24788a980581e1d7ea3a0cbe4344c4fbeb0a6a9b1f4713aa46bb104f8294690", size = 10949807, upload-time = "2026-08-07T13:30:42.745Z" },
    { url = "https://files.pythonhosted.org/packages/fa/51/e26599ceca11e79ee255c7df515995561edf87e9ca1893284e44d98f5a86/ruff-0.16.2-py3-none-musllinux_1_2_armv7l.whl", hash = "sha256:81806b08329130005dd4a8a8394a0c9da8c6f4cafb16ba438d2a2ee6a18bedf1", size = 10646891, upload-time = "2026-08-07T13:30:45.522Z" },
    { url = "https://files.pythonhosted.org/packages/68/01/800c4b1f97bc8d7c6029e06b1f20473a3cf1e13c4933d8f3342add83fc55/ruff-0.16.2-py3-none-musllinux_1_2_i686.whl", hash = "sha256:4ce4e02bad779bef557f541a1b31f20d6abeae1cc05ed1b1ac019d4ffd1044c8", size = 11162063, upload-time = "2026-08-07T13:30:48.131Z" },
    { url = "https://files.pythonhosted.org/packages/e4/d0/1477ea50fc5a0d4b0b71d1d63d50770bdd794d90b43e37a7618e63ec9894/ruff-0.16.2-py3-none-musllinux_1_2_x86_64.whl", hash = "sha256:e0422abdf70070255fc4073ce9dfc814cc03db577013761ddd09bc1e4a9a4fbd", size = 11556038, upload-time = "2026-08-07T13:30:50.686Z" },
    { url = "https://files.pythonhosted.org/packages/b8/76/a7776f32048d991e16d4fa8ff91790b877342d3596cc3ed04acdbf1aaedc/ruff-0.16.2-py3-none-win32.whl", hash = "sha256:bf3a63d78fb39f4bf5ac8ae52051c5520505301abe19ba4e204c453b3f09bb0b", size = 10872850, upload-time = "2026-08-07T13:30:53.471Z" },
    { url = "https://files.pythonhosted.org/packages/00/0d/929c800d920e61397d82a01b60bffc68da3052c17d31de59efaad2e4ed75/ruff-0.16.2-py3-none-win_amd64.whl", hash = "sha256:bcabe2f6d0fc7819f1431793005af4e4de7371927d037345bf941252b195b9fa", size = 12023338, upload-time = "2026-08-07T13:30:56.193Z" },
    { url = "https://files.pythonhosted.org/packages/5b/6c/93e26c22c5f78ff87363e07da49c84955affbeb1098bd1936bf3b3f293bf/ruff-0.16.2-py3-none-win_arm64.whl", hash = "sha256:d614e95cedf38a2053fd351c55b103ba30d017d61688fdbfd40ee0412852a99f", size = 11374065, upload-time = "2026-08-07T13:30:58.775Z" },
]

[[package]]
name = "rustcha"
version = "0.1.0"
source = { editable = "." }

[package.dev-dependencies]
dev = [
    { name = "maturin" },
    { name = "ruff" },
    { name = "ty" },
    { name = "zizmor" },
]
lint = [
    { name = "ruff" },
    { name = "ty" },
    { name = "zizmor" },
]

[package.metadata]

[package.metadata.requires-dev]
dev = [
    { name = "maturin", specifier = ">=1.14.0,<1.20.0" },
    { name = "ruff", specifier = ">=0.16.0" },
    { name = "ty", specifier = ">=0.0.70" },
    { name = "zizmor", specifier = ">=1.29.0" },
]
lint = [
    { name = "ruff", specifier = ">=0.16.0" },
    { name = "ty", specifier = ">=0.0.70" },
    { name = "zizmor", specifier = ">=1.29.0" },
]

[[package]]
name = "ty"
version = "0.0.70"
source = { registry = "https://pypi.org/simple" }
sdist = { url = "https://files.pythonhosted.org/packages/58/ed/38a8ab52f1d7c3ed701442a31b23ba774cbc5d6909f2c00da9e1f3c590f9/ty-0.0.70.tar.gz", hash = "sha256:a01bebc128b4081c16002965d906fccb21323d69bb709b9108c1f2406bcffced", size = 6601156, upload-time = "2026-08-10T23:20:26.268Z" }
wheels = [
    { url = "https://files.pythonhosted.org/packages/3d/c5/ddd6cc5657fd3da85591b264f4dabb1ce5e5b535e73fd5174991c294978b/ty-0.0.70-py3-none-linux_armv6l.whl", hash = "sha256:4fb2d2e55e2160c07152361be2e1a26fdd4f6261055731317d5972daf1749935", size = 12537215, upload-time = "2026-08-10T23:19:43.512Z" },
    { url = "https://files.pythonhosted.org/packages/8b/8a/acc9b34331cde81e0d63cda92d4db9e4042def5b1efa7d47431ff1d30d17/ty-0.0.70-py3-none-macosx_10_12_x86_64.whl", hash = "sha256:9b04d4c21cb029501c05598ca21e9c0829c0b2e35a7ceba1e5b78014c1e8104d", size = 12149070, upload-time = "2026-08-10T23:19:46.369Z" },
    { url = "https://files.pythonhosted.org/packages/fd/cd/51ac2708f4d077058a0bfeefa40d630883c5ec7a82fd2c15c86519140235/ty-0.0.70-py3-none-macosx_11_0_arm64.whl", hash = "sha256:c605ebf2643f5e64ec4bcb269640a1aa85966d29fa888fb746039c28570369b2", size = 11625729, upload-time = "2026-08-10T23:19:48.535Z" },
    { url = "https://files.pythonhosted.org/packages/b7/99/afc4fe7e630100dc782ff0cdc8c59c01acfb05299551ff0ef49c93814320/ty-0.0.70-py3-none-manylinux_2_17_aarch64.manylinux2014_aarch64.whl", hash = "sha256:0c38ea76e12909c29e18fcd295ff223b63f3701c1d1c34db2cdc9736340b9de2", size = 12204810, upload-time = "2026-08-10T23:19:51.845Z" },
    { url = "https://files.pythonhosted.org/packages/ca/38/8cabc3c8ad4c3a02e585ecff12a71ff8e5881f8a00ee71745fd765201da5/ty-0.0.70-py3-none-manylinux_2_17_armv7l.manylinux2014_armv7l.whl", hash = "sha256:c1ee6bf4edaabf7bd0307f0c0f9ddc2204df0390820fe89f6a9de65f07722aba", size = 12308114, upload-time = "2026-08-10T23:19:54.229Z" },
    { url = "https://files.pythonhosted.org/packages/44/7e/bb4e552ecd68bb490bae9368ef323e3d0c79ef85a811857139a2d0f59ddb/ty-0.0.70-py3-none-manylinux_2_17_i686.manylinux2014_i686.whl", hash = "sha256:5eef3e11d7d6b800ef66da0cce8ea24f8be804d1ebf359683426cfe848729bf8", size = 13072240, upload-time = "2026-08-10T23:19:56.872Z" },
    { url = "https://files.pythonhosted.org/packages/f6/c4/1861e1d554e5b6e0d11b3a9f36d40c372253f44a3c4e56ad4bf840f2801e/ty-0.0.70-py3-none-manylinux_2_17_ppc64le.manylinux2014_ppc64le.whl", hash = "sha256:a95e4ae7c2599197c9d89652e49ca344ab224f7d12376e6ad8beb0587e8ff83f", size = 13497678, upload-time = "2026-08-10T23:19:59.191Z" },
    { url = "https://files.pythonhosted.org/packages/77/22/3b22442133e8f641485e59e463a070a31184db0d6456851f871db8f59763/ty-0.0.70-py3-none-manylinux_2_17_s390x.manylinux2014_s390x.whl", hash = "sha256:06aca758d1e0016c0a1f57fe9d8de7a21ff83f692306f747a0d97f32de24e27f", size = 13232510, upload-time = "2026-08-10T23:20:01.456Z" },
    { url = "https://files.pythonhosted.org/packages/84/b8/911f1e6885b5485b6e1d29aaab19ce5e6deeb3e931b6ad82296da4f22051/ty-0.0.70-py3-none-manylinux_2_17_x86_64.manylinux2014_x86_64.whl", hash = "sha256:d81825524f1b57ecbcb5fce7d61fb159cb4837a6167a4569309c9fa7fc15a77d", size = 12817128, upload-time = "2026-08-10T23:20:04.275Z" },
    { url = "https://files.pythonhosted.org/packages/e6/a6/9affc3ca11c32d75b348a66144ab83335fa7fa7100b1581356725e15a668/ty-0.0.70-py3-none-manylinux_2_31_riscv64.whl", hash = "sha256:3287dfb09f7320ef28f114f5f9aae5f697b7b1a6ee37fb2a4a3be94481c1b4f8", size = 13089208, upload-time = "2026-08-10T23:20:06.574Z" },
    { url = "https://files.pythonhosted.org/packages/f0/cb/4776108ea08ec4013b71375b101be9c8a632967cd10f24abbdd4664d66f4/ty-0.0.70-py3-none-musllinux_1_2_aarch64.whl", hash = "sha256:9fb1877f6401cdaac4db46c5bf762f327482ba5f891420ea462ebd15d0de4185", size = 12148890, upload-time = "2026-08-10T23:20:08.827Z" },
    { url = "https://files.pythonhosted.org/packages/c9/d9/814e71f698d9231ef6412bd2c1499d81c6f86f66c2764e952c991e2d6da5/ty-0.0.70-py3-none-musllinux_1_2_armv7l.whl", hash = "sha256:e78f4997dbb0db2d2270210eb3694466206e5b3a11985e24148770e702158a25", size = 12327084, upload-time = "2026-08-10T23:20:11.023Z" },
    { url = "https://files.pythonhosted.org/packages/3b/69/9f34bba534c5d1ace391d300ead4f1971f4348c5459e66dc466cfd60661c/ty-0.0.70-py3-none-musllinux_1_2_i686.whl", hash = "sha256:cf758d3b2dad910c9b1d22d2d62fea894b5bc9acd3c00365e8a73ace6090a452", size = 12604372, upload-time = "2026-08-10T23:20:13.366Z" },
    { url = "https://files.pythonhosted.org/packages/fe/ff/abb34674517b29a8e2489a39c4e01930fcf6aab993a7d6b33aa97f119117/ty-0.0.70-py3-none-musllinux_1_2_x86_64.whl", hash = "sha256:0d338761617279a4fb6a83e7fad7e21126394637b8c45e13e196b2bb675f39b2", size = 12917800, upload-time = "2026-08-10T23:20:15.841Z" },
    { url = "https://files.pythonhosted.org/packages/a4/1a/f8289572f4fad5cb16c883b94638548166bc78cf3eb569f0cd9199eb10a0/ty-0.0.70-py3-none-win32.whl", hash = "sha256:a45642cf09dde91f0a3ce9b9e6fffda9779ff69d73f7347c18acf4fb45007c07", size = 11921482, upload-time = "2026-08-10T23:20:18.244Z" },
    { url = "https://files.pythonhosted.org/packages/17/ae/8739d7618b4670c3ee4f52d641d53be87928bd121d8bda9c0e3450500b75/ty-0.0.70-py3-none-win_amd64.whl", hash = "sha256:33e7941a926cf39b82553911a59a6ed68ec98c3d3d5a415df633f4d1cd051e6c", size = 12986994, upload-time = "2026-08-10T23:20:20.53Z" },
    { url = "https://files.pythonhosted.org/packages/f1/44/2bc3301ba4356ad8866daac9f8cfb3687953e52d076ea204f113b9304c42/ty-0.0.70-py3-none-win_arm64.whl", hash = "sha256:0d380f735d52b1d4b773193f8f5c58c065725eab1ebb0008d38a7b830de14f47", size = 12301082, upload-time = "2026-08-10T23:20:23.816Z" },
]

[[package]]
name = "zizmor"
version = "1.29.0"
source = { registry = "https://pypi.org/simple" }
sdist = { url = "https://files.pythonhosted.org/packages/c2/f8/f4e3fc0b316d5241b6d6968e8fb702e28446bc7d3c1e2b229f4caa6eacf2/zizmor-1.29.0.tar.gz", hash = "sha256:60e34e83c67064e0036989c7c525d13413e897aa4c4f683f1efb2048cdb28a47", size = 571865, upload-time = "2026-08-01T21:09:19.324Z" }
wheels = [
    { url = "https://files.pythonhosted.org/packages/23/97/667ef4db0ca9225ee402c1b947b5b6f17fd234d72c15a71db150b7695c62/zizmor-1.29.0-py3-none-macosx_10_12_x86_64.whl", hash = "sha256:ea72f84d610643d57f96430c655a3780d0b874e477d32e14eae8e910f6cce1fd", size = 9037504, upload-time = "2026-08-01T21:08:56.752Z" },
    { url = "https://files.pythonhosted.org/packages/b5/d4/9fc7deaf75778e7516fa1d6c836377c3cb5d203dedc28899946b6f11ecdb/zizmor-1.29.0-py3-none-macosx_11_0_arm64.whl", hash = "sha256:5aafe617d7b1e0c0c15d58fdf20495f360f74a791dfa136f76630b4cc06c2a34", size = 8654426, upload-time = "2026-08-01T21:08:59.212Z" },
    { url = "https://files.pythonhosted.org/packages/f8/f6/6db714fb0aa08aeec62eb9d6ad6a443a1f4ed50d4c0b789944ae55fb83e4/zizmor-1.29.0-py3-none-manylinux_2_24_aarch64.whl", hash = "sha256:67644ae8d6d0394204b9a488f7d86f0dd66fe562f4ba85fc53e6105a6bfc7b6a", size = 8918927, upload-time = "2026-08-01T21:09:01.46Z" },
    { url = "https://files.pythonhosted.org/packages/15/40/a12edc0c0c0a0101c54dbb9099ff08f8de2fcb35c36cb706db3deb2c2728/zizmor-1.29.0-py3-none-manylinux_2_28_armv7l.whl", hash = "sha256:81e4093fed5c8a41d6ae7bb773085a9d2e6c0b0a0b560d46a9c76d69be0a07ed", size = 8500655, upload-time = "2026-08-01T21:09:03.677Z" },
    { url = "https://files.pythonhosted.org/packages/b4/f0/dfa67018b76bc4f2f50e265e8cbd1293833d1b1de5f3f02fbbb7487ae9c6/zizmor-1.29.0-py3-none-manylinux_2_28_x86_64.whl", hash = "sha256:587b99c2e1b34575c6c8565c2bfde415ca8bc0310f5589f19bc948c8dea10a20", size = 9351035, upload-time = "2026-08-01T21:09:06.16Z" },
    { url = "https://files.pythonhosted.org/packages/90/1b/93cdd5a06984b394d90001f9778008a21689052904109080a09952626c99/zizmor-1.29.0-py3-none-musllinux_1_2_aarch64.whl", hash = "sha256:061600f23c46f2e400bcdef666c236de7e5c0b07dd6ca046daa001eb1514b909", size = 8941717, upload-time = "2026-08-01T21:09:08.861Z" },
    { url = "https://files.pythonhosted.org/packages/0b/f4/8d9e54405b477bc8e4b56c1a60123fca26c109ea6a762eea104fab32555e/zizmor-1.29.0-py3-none-musllinux_1_2_armv7l.whl", hash = "sha256:332546480be38aca95c149f835e0dcb7679ab5d74618a90c6ccb3fa6b8c7b99d", size = 8468289, upload-time = "2026-08-01T21:09:11.096Z" },
    { url = "https://files.pythonhosted.org/packages/72/86/06d57ca830cc4653369c5aca22cccbf04c8c36ee84a67f351214e556bad8/zizmor-1.29.0-py3-none-musllinux_1_2_x86_64.whl", hash = "sha256:a7462b9ab45d72a20ad5ab8193b430df8184c59e2bf46954ddd09496f2f00b45", size = 9446505, upload-time = "2026-08-01T21:09:13.38Z" },
    { url = "https://files.pythonhosted.org/packages/4c/f4/253d9a3538e0ea6f96a3bcd69839c0c5a816a00299620b58a10b5bd1df59/zizmor-1.29.0-py3-none-win32.whl", hash = "sha256:8c759e68cd866375030ca39e19e2de47a056b7be7288c1620e2d5b4c274f631f", size = 7655723, upload-time = "2026-08-01T21:09:15.758Z" },
    { url = "https://files.pythonhosted.org/packages/b1/2d/7919bc23475273ed8038a031fc24bc3f2005c78e608ce8df96746ef0fb98/zizmor-1.29.0-py3-none-win_amd64.whl", hash = "sha256:0fb85948ba5ffc7a8116eee36fe9cfc10167225c97bd2810e3378e66a9fd27c4", size = 8785519, upload-time = "2026-08-01T21:09:17.513Z" },
]
